
Microsoft Visual Studio Solution File, Format Version 12.00
# Visual Studio 2013
VisualStudioVersion = 12.0.31101.0
MinimumVisualStudioVersion = 10.0.40219.1
Project("{FAE04EC0-301F-11D3-BF4B-00C04F79EFBC}") = "Task-1", "Task-1\Task-1.csproj", "{0DECF905-084E-4DFD-9DE9-7C86B6DBD50D}"
EndProject
Project("{FAE04EC0-301F-11D3-BF4B-00C04F79EFBC}") = "Task-2", "Task-2\Task-2.csproj", "{9F0D5E90-84D2-4E3C-83C0-48C0159E0BC1}"
EndProject
Project("{FAE04EC0-301F-11D3-BF4B-00C04F79EFBC}") = "Task-3", "Task-3\Task-3.csproj", "{7B476B40-C5B7-4918-9B54-010939546425}"
EndProject
Project("{FAE04EC0-301F-11D3-BF4B-00C04F79EFBC}") = "Task-4", "Task-4\Task-4.csproj", "{78EF3743-FFFF-4118-BAD0-769CB33EC466}"
EndProject
Project("{FAE04EC0-301F-11D3-BF4B-00C04F79EFBC}") = "Task-5", "Task-5\Task-5.csproj", "{C8686C5D-DB3C-44C4-986D-E84AD0BD1C1B}"
EndProject
Project("{FAE04EC0-301F-11D3-BF4B-00C04F79EFBC}") = "Task-6", "Task-6\Task-6.csproj", "{CF480536-7815-4C85-804C-933A24E531C2}"
EndProject
Global
	GlobalSection(SolutionConfigurationPlatforms) = preSolution
		Debug|Any CPU = Debug|Any CPU
		Release|Any CPU = Release|Any CPU
	EndGlobalSection
	GlobalSection(ProjectConfigurationPlatforms) = postSolution
		{0DECF905-084E-4DFD-9DE9-7C86B6DBD50D}.Debug|Any CPU.ActiveCfg = Debug|Any CPU
		{0DECF905-084E-4DFD-9DE9-7C86B6DBD50D}.Debug|Any CPU.Build.0 = Debug|Any CPU
		{0DECF905-084E-4DFD-9DE9-7C86B6DBD50D}.Release|Any CPU.ActiveCfg = Release|Any CPU
		{0DECF905-084E-4DFD-9DE9-7C86B6DBD50D}.Release|Any CPU.Build.0 = Release|Any CPU
		{9F0D5E90-84D2-4E3C-83C0-48C0159E0BC1}.Debug|Any CPU.ActiveCfg = Debug|Any CPU
		{9F0D5E90-84D2-4E3C-83C0-48C0159E0BC1}.Debug|Any CPU.Build.0 = Debug|Any CPU
		{9F0D5E90-84D2-4E3C-83C0-48C0159E0BC1}.Release|Any CPU.ActiveCfg = Release|Any CPU
		{9F0D5E90-84D2-4E3C-83C0-48C0159E0BC1}.Release|Any CPU.Build.0 = Release|Any CPU
		{7B476B40-C5B7-4918-9B54-010939546425}.Debug|Any CPU.ActiveCfg = Debug|Any CPU
		{7B476B40-C5B7-4918-9B54-010939546425}.Debug|Any CPU.Build.0 = Debug|Any CPU
		{7B476B40-C5B7-4918-9B54-010939546425}.Release|Any CPU.ActiveCfg = Release|Any CPU
		{7B476B40-C5B7-4918-9B54-010939546425}.Release|Any CPU.Build.0 = Release|Any CPU
		{78EF3743-FFFF-4118-BAD0-769CB33EC466}.Debug|Any CPU.ActiveCfg = Debug|Any CPU
		{78EF3743-FFFF-4118-BAD0-769CB33EC466}.Debug|Any CPU.Build.0 = Debug|Any CPU
		{78EF3743-FFFF-4118-BAD0-769CB33EC466}.Release|Any CPU.ActiveCfg = Release|Any CPU
		{78EF3743-FFFF-4118-BAD0-769CB33EC466}.Release|Any CPU.Build.0 = Release|Any CPU
		{C8686C5D-DB3C-44C4-986D-E84AD0BD1C1B}.Debug|Any CPU.ActiveCfg = Debug|Any CPU
		{C8686C5D-DB3C-44C4-986D-E84AD0BD1C1B}.Debug|Any CPU.Build.0 = Debug|Any CPU
		{C8686C5D-DB3C-44C4-986D-E84AD0BD1C1B}.Release|Any CPU.ActiveCfg = Release|Any CPU
		{C8686C5D-DB3C-44C4-986D-E84AD0BD1C1B}.Release|Any CPU.Build.0 = Release|Any CPU
		{CF480536-7815-4C85-804C-933A24E531C2}.Debug|Any CPU.ActiveCfg = Debug|Any CPU
		{CF480536-7815-4C85-804C-933A24E531C2}.Debug|Any CPU.Build.0 = Debug|Any CPU
		{CF480536-7815-4C85-804C-933A24E531C2}.Release|Any CPU.ActiveCfg = Release|Any CPU
		{CF480536-7815-4C85-804C-933A24E531C2}.Release|Any CPU.Build.0 = Release|Any CPU
	EndGlobalSection
	GlobalSection(SolutionProperties) = preSolution
		HideSolutionNode = FALSE
	EndGlobalSection
EndGlobal
