
Microsoft Visual Studio Solution File, Format Version 12.00
# Visual Studio 2013
VisualStudioVersion = 12.0.31101.0
MinimumVisualStudioVersion = 10.0.40219.1
Project("{FAE04EC0-301F-11D3-BF4B-00C04F79EFBC}") = "Task-1", "Task-1\Task-1.csproj", "{2F87625D-9D3D-4F31-95D3-78629DFD86BD}"
EndProject
Project("{FAE04EC0-301F-11D3-BF4B-00C04F79EFBC}") = "Task-2", "Task-2\Task-2.csproj", "{2B0C44B3-AC3A-419F-87E1-0D09B1909F7D}"
EndProject
Project("{FAE04EC0-301F-11D3-BF4B-00C04F79EFBC}") = "Task-3", "Task-3\Task-3.csproj", "{75693A5E-0AE5-435E-BC59-D283A8795B65}"
EndProject
Project("{FAE04EC0-301F-11D3-BF4B-00C04F79EFBC}") = "Task-4", "Task-4\Task-4.csproj", "{56B91AC2-566D-4E7E-A480-D9A289266F35}"
EndProject
Project("{FAE04EC0-301F-11D3-BF4B-00C04F79EFBC}") = "Task-5", "Task-5\Task-5.csproj", "{BF1A9DF6-2798-49FA-8D49-6F25276C4883}"
EndProject
Project("{FAE04EC0-301F-11D3-BF4B-00C04F79EFBC}") = "Task-6", "Task-6\Task-6.csproj", "{18F23A4C-B1A6-401F-94BF-2C44C13986AF}"
EndProject
Project("{FAE04EC0-301F-11D3-BF4B-00C04F79EFBC}") = "Task-7", "Task-7\Task-7.csproj", "{00BE1E7B-1B90-4D6A-A653-E536FC20D9F0}"
EndProject
Project("{FAE04EC0-301F-11D3-BF4B-00C04F79EFBC}") = "Task-8", "Task-8\Task-8.csproj", "{322914F6-A91B-4B24-93F1-B510580EDCDC}"
EndProject
Project("{FAE04EC0-301F-11D3-BF4B-00C04F79EFBC}") = "Task-9", "Task-9\Task-9.csproj", "{DD931D49-108D-408D-9F63-AFF50828D94B}"
EndProject
Project("{FAE04EC0-301F-11D3-BF4B-00C04F79EFBC}") = "Task-10", "Task-10\Task-10.csproj", "{AC40815C-7D1F-4D05-B431-C18D5BBACAF8}"
EndProject
Project("{FAE04EC0-301F-11D3-BF4B-00C04F79EFBC}") = "Task-11", "Task-11\Task-11.csproj", "{58E1ECEE-5B65-4F43-930D-6654626CFE35}"
EndProject
Project("{FAE04EC0-301F-11D3-BF4B-00C04F79EFBC}") = "Task-12", "Task-12\Task-12.csproj", "{0A77DD8B-61C0-42A2-AD21-2BCA4F123096}"
EndProject
Global
	GlobalSection(SolutionConfigurationPlatforms) = preSolution
		Debug|Any CPU = Debug|Any CPU
		Release|Any CPU = Release|Any CPU
	EndGlobalSection
	GlobalSection(ProjectConfigurationPlatforms) = postSolution
		{2F87625D-9D3D-4F31-95D3-78629DFD86BD}.Debug|Any CPU.ActiveCfg = Debug|Any CPU
		{2F87625D-9D3D-4F31-95D3-78629DFD86BD}.Debug|Any CPU.Build.0 = Debug|Any CPU
		{2F87625D-9D3D-4F31-95D3-78629DFD86BD}.Release|Any CPU.ActiveCfg = Release|Any CPU
		{2F87625D-9D3D-4F31-95D3-78629DFD86BD}.Release|Any CPU.Build.0 = Release|Any CPU
		{2B0C44B3-AC3A-419F-87E1-0D09B1909F7D}.Debug|Any CPU.ActiveCfg = Debug|Any CPU
		{2B0C44B3-AC3A-419F-87E1-0D09B1909F7D}.Debug|Any CPU.Build.0 = Debug|Any CPU
		{2B0C44B3-AC3A-419F-87E1-0D09B1909F7D}.Release|Any CPU.ActiveCfg = Release|Any CPU
		{2B0C44B3-AC3A-419F-87E1-0D09B1909F7D}.Release|Any CPU.Build.0 = Release|Any CPU
		{75693A5E-0AE5-435E-BC59-D283A8795B65}.Debug|Any CPU.ActiveCfg = Debug|Any CPU
		{75693A5E-0AE5-435E-BC59-D283A8795B65}.Debug|Any CPU.Build.0 = Debug|Any CPU
		{75693A5E-0AE5-435E-BC59-D283A8795B65}.Release|Any CPU.ActiveCfg = Release|Any CPU
		{75693A5E-0AE5-435E-BC59-D283A8795B65}.Release|Any CPU.Build.0 = Release|Any CPU
		{56B91AC2-566D-4E7E-A480-D9A289266F35}.Debug|Any CPU.ActiveCfg = Debug|Any CPU
		{56B91AC2-566D-4E7E-A480-D9A289266F35}.Debug|Any CPU.Build.0 = Debug|Any CPU
		{56B91AC2-566D-4E7E-A480-D9A289266F35}.Release|Any CPU.ActiveCfg = Release|Any CPU
		{56B91AC2-566D-4E7E-A480-D9A289266F35}.Release|Any CPU.Build.0 = Release|Any CPU
		{BF1A9DF6-2798-49FA-8D49-6F25276C4883}.Debug|Any CPU.ActiveCfg = Debug|Any CPU
		{BF1A9DF6-2798-49FA-8D49-6F25276C4883}.Debug|Any CPU.Build.0 = Debug|Any CPU
		{BF1A9DF6-2798-49FA-8D49-6F25276C4883}.Release|Any CPU.ActiveCfg = Release|Any CPU
		{BF1A9DF6-2798-49FA-8D49-6F25276C4883}.Release|Any CPU.Build.0 = Release|Any CPU
		{18F23A4C-B1A6-401F-94BF-2C44C13986AF}.Debug|Any CPU.ActiveCfg = Debug|Any CPU
		{18F23A4C-B1A6-401F-94BF-2C44C13986AF}.Debug|Any CPU.Build.0 = Debug|Any CPU
		{18F23A4C-B1A6-401F-94BF-2C44C13986AF}.Release|Any CPU.ActiveCfg = Release|Any CPU
		{18F23A4C-B1A6-401F-94BF-2C44C13986AF}.Release|Any CPU.Build.0 = Release|Any CPU
		{00BE1E7B-1B90-4D6A-A653-E536FC20D9F0}.Debug|Any CPU.ActiveCfg = Debug|Any CPU
		{00BE1E7B-1B90-4D6A-A653-E536FC20D9F0}.Debug|Any CPU.Build.0 = Debug|Any CPU
		{00BE1E7B-1B90-4D6A-A653-E536FC20D9F0}.Release|Any CPU.ActiveCfg = Release|Any CPU
		{00BE1E7B-1B90-4D6A-A653-E536FC20D9F0}.Release|Any CPU.Build.0 = Release|Any CPU
		{322914F6-A91B-4B24-93F1-B510580EDCDC}.Debug|Any CPU.ActiveCfg = Debug|Any CPU
		{322914F6-A91B-4B24-93F1-B510580EDCDC}.Debug|Any CPU.Build.0 = Debug|Any CPU
		{322914F6-A91B-4B24-93F1-B510580EDCDC}.Release|Any CPU.ActiveCfg = Release|Any CPU
		{322914F6-A91B-4B24-93F1-B510580EDCDC}.Release|Any CPU.Build.0 = Release|Any CPU
		{DD931D49-108D-408D-9F63-AFF50828D94B}.Debug|Any CPU.ActiveCfg = Debug|Any CPU
		{DD931D49-108D-408D-9F63-AFF50828D94B}.Debug|Any CPU.Build.0 = Debug|Any CPU
		{DD931D49-108D-408D-9F63-AFF50828D94B}.Release|Any CPU.ActiveCfg = Release|Any CPU
		{DD931D49-108D-408D-9F63-AFF50828D94B}.Release|Any CPU.Build.0 = Release|Any CPU
		{AC40815C-7D1F-4D05-B431-C18D5BBACAF8}.Debug|Any CPU.ActiveCfg = Debug|Any CPU
		{AC40815C-7D1F-4D05-B431-C18D5BBACAF8}.Debug|Any CPU.Build.0 = Debug|Any CPU
		{AC40815C-7D1F-4D05-B431-C18D5BBACAF8}.Release|Any CPU.ActiveCfg = Release|Any CPU
		{AC40815C-7D1F-4D05-B431-C18D5BBACAF8}.Release|Any CPU.Build.0 = Release|Any CPU
		{58E1ECEE-5B65-4F43-930D-6654626CFE35}.Debug|Any CPU.ActiveCfg = Debug|Any CPU
		{58E1ECEE-5B65-4F43-930D-6654626CFE35}.Debug|Any CPU.Build.0 = Debug|Any CPU
		{58E1ECEE-5B65-4F43-930D-6654626CFE35}.Release|Any CPU.ActiveCfg = Release|Any CPU
		{58E1ECEE-5B65-4F43-930D-6654626CFE35}.Release|Any CPU.Build.0 = Release|Any CPU
		{0A77DD8B-61C0-42A2-AD21-2BCA4F123096}.Debug|Any CPU.ActiveCfg = Debug|Any CPU
		{0A77DD8B-61C0-42A2-AD21-2BCA4F123096}.Debug|Any CPU.Build.0 = Debug|Any CPU
		{0A77DD8B-61C0-42A2-AD21-2BCA4F123096}.Release|Any CPU.ActiveCfg = Release|Any CPU
		{0A77DD8B-61C0-42A2-AD21-2BCA4F123096}.Release|Any CPU.Build.0 = Release|Any CPU
	EndGlobalSection
	GlobalSection(SolutionProperties) = preSolution
		HideSolutionNode = FALSE
	EndGlobalSection
EndGlobal
