
Microsoft Visual Studio Solution File, Format Version 12.00
# Visual Studio 2013
VisualStudioVersion = 12.0.31101.0
MinimumVisualStudioVersion = 10.0.40219.1
Project("{FAE04EC0-301F-11D3-BF4B-00C04F79EFBC}") = "Task-1", "Task-1\Task-1.csproj", "{80C64496-549F-410A-A058-5DCEC8C751B2}"
EndProject
Project("{FAE04EC0-301F-11D3-BF4B-00C04F79EFBC}") = "Task-2", "Task-2\Task-2.csproj", "{E32E8EFD-A399-4485-BFBA-918FBF8FDD1C}"
EndProject
Project("{FAE04EC0-301F-11D3-BF4B-00C04F79EFBC}") = "Task-3", "Task-3\Task-3.csproj", "{3D5F6185-FAAA-435B-9081-C825D0D6F5C4}"
EndProject
Project("{FAE04EC0-301F-11D3-BF4B-00C04F79EFBC}") = "Task-4", "Task-4\Task-4.csproj", "{EFB4B75A-A779-4820-8B15-00FB7FE9C4F7}"
EndProject
Project("{FAE04EC0-301F-11D3-BF4B-00C04F79EFBC}") = "Task-5", "Task-5\Task-5.csproj", "{51958506-5077-429B-8657-6E5A2E56EA67}"
EndProject
Project("{FAE04EC0-301F-11D3-BF4B-00C04F79EFBC}") = "Task-6", "Task-6\Task-6.csproj", "{79E9EF0F-78EF-4CEB-B8C6-FA30D31812B9}"
EndProject
Project("{FAE04EC0-301F-11D3-BF4B-00C04F79EFBC}") = "Task-7", "Task-7\Task-7.csproj", "{4C8894E2-1307-44D6-B9FA-328AF273D7F9}"
EndProject
Project("{FAE04EC0-301F-11D3-BF4B-00C04F79EFBC}") = "Task-8", "Task-8\Task-8.csproj", "{1689BDA6-3CFE-4BD7-9E43-BE89D6436414}"
EndProject
Global
	GlobalSection(SolutionConfigurationPlatforms) = preSolution
		Debug|Any CPU = Debug|Any CPU
		Release|Any CPU = Release|Any CPU
	EndGlobalSection
	GlobalSection(ProjectConfigurationPlatforms) = postSolution
		{80C64496-549F-410A-A058-5DCEC8C751B2}.Debug|Any CPU.ActiveCfg = Debug|Any CPU
		{80C64496-549F-410A-A058-5DCEC8C751B2}.Debug|Any CPU.Build.0 = Debug|Any CPU
		{80C64496-549F-410A-A058-5DCEC8C751B2}.Release|Any CPU.ActiveCfg = Release|Any CPU
		{80C64496-549F-410A-A058-5DCEC8C751B2}.Release|Any CPU.Build.0 = Release|Any CPU
		{E32E8EFD-A399-4485-BFBA-918FBF8FDD1C}.Debug|Any CPU.ActiveCfg = Debug|Any CPU
		{E32E8EFD-A399-4485-BFBA-918FBF8FDD1C}.Debug|Any CPU.Build.0 = Debug|Any CPU
		{E32E8EFD-A399-4485-BFBA-918FBF8FDD1C}.Release|Any CPU.ActiveCfg = Release|Any CPU
		{E32E8EFD-A399-4485-BFBA-918FBF8FDD1C}.Release|Any CPU.Build.0 = Release|Any CPU
		{3D5F6185-FAAA-435B-9081-C825D0D6F5C4}.Debug|Any CPU.ActiveCfg = Debug|Any CPU
		{3D5F6185-FAAA-435B-9081-C825D0D6F5C4}.Debug|Any CPU.Build.0 = Debug|Any CPU
		{3D5F6185-FAAA-435B-9081-C825D0D6F5C4}.Release|Any CPU.ActiveCfg = Release|Any CPU
		{3D5F6185-FAAA-435B-9081-C825D0D6F5C4}.Release|Any CPU.Build.0 = Release|Any CPU
		{EFB4B75A-A779-4820-8B15-00FB7FE9C4F7}.Debug|Any CPU.ActiveCfg = Debug|Any CPU
		{EFB4B75A-A779-4820-8B15-00FB7FE9C4F7}.Debug|Any CPU.Build.0 = Debug|Any CPU
		{EFB4B75A-A779-4820-8B15-00FB7FE9C4F7}.Release|Any CPU.ActiveCfg = Release|Any CPU
		{EFB4B75A-A779-4820-8B15-00FB7FE9C4F7}.Release|Any CPU.Build.0 = Release|Any CPU
		{51958506-5077-429B-8657-6E5A2E56EA67}.Debug|Any CPU.ActiveCfg = Debug|Any CPU
		{51958506-5077-429B-8657-6E5A2E56EA67}.Debug|Any CPU.Build.0 = Debug|Any CPU
		{51958506-5077-429B-8657-6E5A2E56EA67}.Release|Any CPU.ActiveCfg = Release|Any CPU
		{51958506-5077-429B-8657-6E5A2E56EA67}.Release|Any CPU.Build.0 = Release|Any CPU
		{79E9EF0F-78EF-4CEB-B8C6-FA30D31812B9}.Debug|Any CPU.ActiveCfg = Debug|Any CPU
		{79E9EF0F-78EF-4CEB-B8C6-FA30D31812B9}.Debug|Any CPU.Build.0 = Debug|Any CPU
		{79E9EF0F-78EF-4CEB-B8C6-FA30D31812B9}.Release|Any CPU.ActiveCfg = Release|Any CPU
		{79E9EF0F-78EF-4CEB-B8C6-FA30D31812B9}.Release|Any CPU.Build.0 = Release|Any CPU
		{4C8894E2-1307-44D6-B9FA-328AF273D7F9}.Debug|Any CPU.ActiveCfg = Debug|Any CPU
		{4C8894E2-1307-44D6-B9FA-328AF273D7F9}.Debug|Any CPU.Build.0 = Debug|Any CPU
		{4C8894E2-1307-44D6-B9FA-328AF273D7F9}.Release|Any CPU.ActiveCfg = Release|Any CPU
		{4C8894E2-1307-44D6-B9FA-328AF273D7F9}.Release|Any CPU.Build.0 = Release|Any CPU
		{1689BDA6-3CFE-4BD7-9E43-BE89D6436414}.Debug|Any CPU.ActiveCfg = Debug|Any CPU
		{1689BDA6-3CFE-4BD7-9E43-BE89D6436414}.Debug|Any CPU.Build.0 = Debug|Any CPU
		{1689BDA6-3CFE-4BD7-9E43-BE89D6436414}.Release|Any CPU.ActiveCfg = Release|Any CPU
		{1689BDA6-3CFE-4BD7-9E43-BE89D6436414}.Release|Any CPU.Build.0 = Release|Any CPU
	EndGlobalSection
	GlobalSection(SolutionProperties) = preSolution
		HideSolutionNode = FALSE
	EndGlobalSection
EndGlobal
