
Microsoft Visual Studio Solution File, Format Version 12.00
# Visual Studio 2013
VisualStudioVersion = 12.0.31101.0
MinimumVisualStudioVersion = 10.0.40219.1
Project("{FAE04EC0-301F-11D3-BF4B-00C04F79EFBC}") = "Task-1", "Task-1\Task-1.csproj", "{D5925330-0A20-45F9-98D5-D16E581C5570}"
EndProject
Project("{FAE04EC0-301F-11D3-BF4B-00C04F79EFBC}") = "Task-2", "Task-2\Task-2.csproj", "{6D5B07B5-9CE0-4D96-8424-73F2CF08731A}"
EndProject
Project("{FAE04EC0-301F-11D3-BF4B-00C04F79EFBC}") = "Task-3", "Task-3\Task-3.csproj", "{DD1D9984-3E26-4EB6-B602-4A94631C3100}"
EndProject
Project("{FAE04EC0-301F-11D3-BF4B-00C04F79EFBC}") = "Task-4", "Task-4\Task-4.csproj", "{242C024D-90C4-44D6-A737-F51B2DFDDC06}"
EndProject
Project("{FAE04EC0-301F-11D3-BF4B-00C04F79EFBC}") = "Task-5", "Task-5\Task-5.csproj", "{34242242-5166-454F-A241-4560F3184D14}"
EndProject
Project("{FAE04EC0-301F-11D3-BF4B-00C04F79EFBC}") = "Task-6", "Task-6\Task-6.csproj", "{8D4A896B-0FFD-4961-B223-91A25B9C6D1F}"
EndProject
Project("{FAE04EC0-301F-11D3-BF4B-00C04F79EFBC}") = "Task-7", "Task-7\Task-7.csproj", "{171A0F37-3A71-4931-8EF1-AB918FFE319B}"
EndProject
Project("{FAE04EC0-301F-11D3-BF4B-00C04F79EFBC}") = "Task-8", "Task-8\Task-8.csproj", "{D3D8F00C-8DF5-4988-A2A3-75F46AD442F8}"
EndProject
Project("{FAE04EC0-301F-11D3-BF4B-00C04F79EFBC}") = "Task-9", "Task-9\Task-9.csproj", "{8D44267F-9420-4CAF-A1AB-9FA4117ED1EB}"
EndProject
Project("{FAE04EC0-301F-11D3-BF4B-00C04F79EFBC}") = "Task-10", "Task-10\Task-10.csproj", "{86183046-47C1-4302-9348-1858B40905C4}"
EndProject
Global
	GlobalSection(SolutionConfigurationPlatforms) = preSolution
		Debug|Any CPU = Debug|Any CPU
		Release|Any CPU = Release|Any CPU
	EndGlobalSection
	GlobalSection(ProjectConfigurationPlatforms) = postSolution
		{D5925330-0A20-45F9-98D5-D16E581C5570}.Debug|Any CPU.ActiveCfg = Debug|Any CPU
		{D5925330-0A20-45F9-98D5-D16E581C5570}.Debug|Any CPU.Build.0 = Debug|Any CPU
		{D5925330-0A20-45F9-98D5-D16E581C5570}.Release|Any CPU.ActiveCfg = Release|Any CPU
		{D5925330-0A20-45F9-98D5-D16E581C5570}.Release|Any CPU.Build.0 = Release|Any CPU
		{6D5B07B5-9CE0-4D96-8424-73F2CF08731A}.Debug|Any CPU.ActiveCfg = Debug|Any CPU
		{6D5B07B5-9CE0-4D96-8424-73F2CF08731A}.Debug|Any CPU.Build.0 = Debug|Any CPU
		{6D5B07B5-9CE0-4D96-8424-73F2CF08731A}.Release|Any CPU.ActiveCfg = Release|Any CPU
		{6D5B07B5-9CE0-4D96-8424-73F2CF08731A}.Release|Any CPU.Build.0 = Release|Any CPU
		{DD1D9984-3E26-4EB6-B602-4A94631C3100}.Debug|Any CPU.ActiveCfg = Debug|Any CPU
		{DD1D9984-3E26-4EB6-B602-4A94631C3100}.Debug|Any CPU.Build.0 = Debug|Any CPU
		{DD1D9984-3E26-4EB6-B602-4A94631C3100}.Release|Any CPU.ActiveCfg = Release|Any CPU
		{DD1D9984-3E26-4EB6-B602-4A94631C3100}.Release|Any CPU.Build.0 = Release|Any CPU
		{242C024D-90C4-44D6-A737-F51B2DFDDC06}.Debug|Any CPU.ActiveCfg = Debug|Any CPU
		{242C024D-90C4-44D6-A737-F51B2DFDDC06}.Debug|Any CPU.Build.0 = Debug|Any CPU
		{242C024D-90C4-44D6-A737-F51B2DFDDC06}.Release|Any CPU.ActiveCfg = Release|Any CPU
		{242C024D-90C4-44D6-A737-F51B2DFDDC06}.Release|Any CPU.Build.0 = Release|Any CPU
		{34242242-5166-454F-A241-4560F3184D14}.Debug|Any CPU.ActiveCfg = Debug|Any CPU
		{34242242-5166-454F-A241-4560F3184D14}.Debug|Any CPU.Build.0 = Debug|Any CPU
		{34242242-5166-454F-A241-4560F3184D14}.Release|Any CPU.ActiveCfg = Release|Any CPU
		{34242242-5166-454F-A241-4560F3184D14}.Release|Any CPU.Build.0 = Release|Any CPU
		{8D4A896B-0FFD-4961-B223-91A25B9C6D1F}.Debug|Any CPU.ActiveCfg = Debug|Any CPU
		{8D4A896B-0FFD-4961-B223-91A25B9C6D1F}.Debug|Any CPU.Build.0 = Debug|Any CPU
		{8D4A896B-0FFD-4961-B223-91A25B9C6D1F}.Release|Any CPU.ActiveCfg = Release|Any CPU
		{8D4A896B-0FFD-4961-B223-91A25B9C6D1F}.Release|Any CPU.Build.0 = Release|Any CPU
		{171A0F37-3A71-4931-8EF1-AB918FFE319B}.Debug|Any CPU.ActiveCfg = Debug|Any CPU
		{171A0F37-3A71-4931-8EF1-AB918FFE319B}.Debug|Any CPU.Build.0 = Debug|Any CPU
		{171A0F37-3A71-4931-8EF1-AB918FFE319B}.Release|Any CPU.ActiveCfg = Release|Any CPU
		{171A0F37-3A71-4931-8EF1-AB918FFE319B}.Release|Any CPU.Build.0 = Release|Any CPU
		{D3D8F00C-8DF5-4988-A2A3-75F46AD442F8}.Debug|Any CPU.ActiveCfg = Debug|Any CPU
		{D3D8F00C-8DF5-4988-A2A3-75F46AD442F8}.Debug|Any CPU.Build.0 = Debug|Any CPU
		{D3D8F00C-8DF5-4988-A2A3-75F46AD442F8}.Release|Any CPU.ActiveCfg = Release|Any CPU
		{D3D8F00C-8DF5-4988-A2A3-75F46AD442F8}.Release|Any CPU.Build.0 = Release|Any CPU
		{8D44267F-9420-4CAF-A1AB-9FA4117ED1EB}.Debug|Any CPU.ActiveCfg = Debug|Any CPU
		{8D44267F-9420-4CAF-A1AB-9FA4117ED1EB}.Debug|Any CPU.Build.0 = Debug|Any CPU
		{8D44267F-9420-4CAF-A1AB-9FA4117ED1EB}.Release|Any CPU.ActiveCfg = Release|Any CPU
		{8D44267F-9420-4CAF-A1AB-9FA4117ED1EB}.Release|Any CPU.Build.0 = Release|Any CPU
		{86183046-47C1-4302-9348-1858B40905C4}.Debug|Any CPU.ActiveCfg = Debug|Any CPU
		{86183046-47C1-4302-9348-1858B40905C4}.Debug|Any CPU.Build.0 = Debug|Any CPU
		{86183046-47C1-4302-9348-1858B40905C4}.Release|Any CPU.ActiveCfg = Release|Any CPU
		{86183046-47C1-4302-9348-1858B40905C4}.Release|Any CPU.Build.0 = Release|Any CPU
	EndGlobalSection
	GlobalSection(SolutionProperties) = preSolution
		HideSolutionNode = FALSE
	EndGlobalSection
EndGlobal
