
Microsoft Visual Studio Solution File, Format Version 12.00
# Visual Studio 2013
VisualStudioVersion = 12.0.31101.0
MinimumVisualStudioVersion = 10.0.40219.1
Project("{FAE04EC0-301F-11D3-BF4B-00C04F79EFBC}") = "Task-1", "Task-1\Task-1.csproj", "{8EA545A7-5C3C-49B3-B02E-296D4BC1898D}"
EndProject
Project("{FAE04EC0-301F-11D3-BF4B-00C04F79EFBC}") = "Task-2", "Task-2\Task-2.csproj", "{2573F220-4E09-4036-8002-42CF2054E283}"
EndProject
Project("{FAE04EC0-301F-11D3-BF4B-00C04F79EFBC}") = "Task-3", "Task-3\Task-3.csproj", "{0A00E45B-B2D3-4020-8DC8-67E7420FFC72}"
EndProject
Project("{FAE04EC0-301F-11D3-BF4B-00C04F79EFBC}") = "Task-4", "Task-4\Task-4.csproj", "{0B3F19DC-9FB6-4BA0-BC99-7D941F4917A1}"
EndProject
Project("{FAE04EC0-301F-11D3-BF4B-00C04F79EFBC}") = "Task-5", "Task-5\Task-5.csproj", "{F52D3CE5-C65F-4738-AE8E-6405E14B940D}"
EndProject
Project("{FAE04EC0-301F-11D3-BF4B-00C04F79EFBC}") = "Task-6", "Task-6\Task-6.csproj", "{A1FC584E-EB51-4F30-A27E-71BA2DC641B6}"
EndProject
Project("{FAE04EC0-301F-11D3-BF4B-00C04F79EFBC}") = "Task-7", "Task-7\Task-7.csproj", "{0208BC4E-10D2-4F5F-9B34-32E322292656}"
EndProject
Project("{FAE04EC0-301F-11D3-BF4B-00C04F79EFBC}") = "Task-8", "Task-8\Task-8.csproj", "{FFAAA784-1F50-4013-ADAD-82CF17D71651}"
EndProject
Project("{FAE04EC0-301F-11D3-BF4B-00C04F79EFBC}") = "Task-9", "Task-9\Task-9.csproj", "{8CE5D56D-C503-4C68-91B9-22AFE99F2F40}"
EndProject
Project("{FAE04EC0-301F-11D3-BF4B-00C04F79EFBC}") = "Task-10.1", "Task-10.1\Task-10.1.csproj", "{2935EB6C-AB6D-405D-BDF2-2AD4B481EC6B}"
EndProject
Project("{FAE04EC0-301F-11D3-BF4B-00C04F79EFBC}") = "Task-10.2", "Task-10.2\Task-10.2.csproj", "{760559BC-7C25-4BB6-83E5-B55DAAC865CF}"
EndProject
Project("{FAE04EC0-301F-11D3-BF4B-00C04F79EFBC}") = "Task-10.3", "Task-10.3\Task-10.3.csproj", "{7C7B39E3-C3C7-45E0-B0DD-4C99B6A8F1DB}"
EndProject
Project("{FAE04EC0-301F-11D3-BF4B-00C04F79EFBC}") = "Task-10.4", "Task-10.4\Task-10.4.csproj", "{FEF2C0D7-E18F-47D8-8B35-62342D797A54}"
EndProject
Project("{FAE04EC0-301F-11D3-BF4B-00C04F79EFBC}") = "Task-11", "Task-11\Task-11.csproj", "{052A403F-82CD-4B0A-BF1F-8ACEAD9D4366}"
EndProject
Project("{FAE04EC0-301F-11D3-BF4B-00C04F79EFBC}") = "Task-12", "Task-12\Task-12.csproj", "{99799C66-23EE-4105-947F-134F50232298}"
EndProject
Project("{FAE04EC0-301F-11D3-BF4B-00C04F79EFBC}") = "Task-13", "Task-13\Task-13.csproj", "{42E9F157-F57C-496C-99A3-08C108B93CA8}"
EndProject
Project("{FAE04EC0-301F-11D3-BF4B-00C04F79EFBC}") = "Task-14", "Task-14\Task-14.csproj", "{E2DE5200-2F67-4D1A-B898-E1B8E3E3458F}"
EndProject
Global
	GlobalSection(SolutionConfigurationPlatforms) = preSolution
		Debug|Any CPU = Debug|Any CPU
		Release|Any CPU = Release|Any CPU
	EndGlobalSection
	GlobalSection(ProjectConfigurationPlatforms) = postSolution
		{8EA545A7-5C3C-49B3-B02E-296D4BC1898D}.Debug|Any CPU.ActiveCfg = Debug|Any CPU
		{8EA545A7-5C3C-49B3-B02E-296D4BC1898D}.Debug|Any CPU.Build.0 = Debug|Any CPU
		{8EA545A7-5C3C-49B3-B02E-296D4BC1898D}.Release|Any CPU.ActiveCfg = Release|Any CPU
		{8EA545A7-5C3C-49B3-B02E-296D4BC1898D}.Release|Any CPU.Build.0 = Release|Any CPU
		{2573F220-4E09-4036-8002-42CF2054E283}.Debug|Any CPU.ActiveCfg = Debug|Any CPU
		{2573F220-4E09-4036-8002-42CF2054E283}.Debug|Any CPU.Build.0 = Debug|Any CPU
		{2573F220-4E09-4036-8002-42CF2054E283}.Release|Any CPU.ActiveCfg = Release|Any CPU
		{2573F220-4E09-4036-8002-42CF2054E283}.Release|Any CPU.Build.0 = Release|Any CPU
		{0A00E45B-B2D3-4020-8DC8-67E7420FFC72}.Debug|Any CPU.ActiveCfg = Debug|Any CPU
		{0A00E45B-B2D3-4020-8DC8-67E7420FFC72}.Debug|Any CPU.Build.0 = Debug|Any CPU
		{0A00E45B-B2D3-4020-8DC8-67E7420FFC72}.Release|Any CPU.ActiveCfg = Release|Any CPU
		{0A00E45B-B2D3-4020-8DC8-67E7420FFC72}.Release|Any CPU.Build.0 = Release|Any CPU
		{0B3F19DC-9FB6-4BA0-BC99-7D941F4917A1}.Debug|Any CPU.ActiveCfg = Debug|Any CPU
		{0B3F19DC-9FB6-4BA0-BC99-7D941F4917A1}.Debug|Any CPU.Build.0 = Debug|Any CPU
		{0B3F19DC-9FB6-4BA0-BC99-7D941F4917A1}.Release|Any CPU.ActiveCfg = Release|Any CPU
		{0B3F19DC-9FB6-4BA0-BC99-7D941F4917A1}.Release|Any CPU.Build.0 = Release|Any CPU
		{F52D3CE5-C65F-4738-AE8E-6405E14B940D}.Debug|Any CPU.ActiveCfg = Debug|Any CPU
		{F52D3CE5-C65F-4738-AE8E-6405E14B940D}.Debug|Any CPU.Build.0 = Debug|Any CPU
		{F52D3CE5-C65F-4738-AE8E-6405E14B940D}.Release|Any CPU.ActiveCfg = Release|Any CPU
		{F52D3CE5-C65F-4738-AE8E-6405E14B940D}.Release|Any CPU.Build.0 = Release|Any CPU
		{A1FC584E-EB51-4F30-A27E-71BA2DC641B6}.Debug|Any CPU.ActiveCfg = Debug|Any CPU
		{A1FC584E-EB51-4F30-A27E-71BA2DC641B6}.Debug|Any CPU.Build.0 = Debug|Any CPU
		{A1FC584E-EB51-4F30-A27E-71BA2DC641B6}.Release|Any CPU.ActiveCfg = Release|Any CPU
		{A1FC584E-EB51-4F30-A27E-71BA2DC641B6}.Release|Any CPU.Build.0 = Release|Any CPU
		{0208BC4E-10D2-4F5F-9B34-32E322292656}.Debug|Any CPU.ActiveCfg = Debug|Any CPU
		{0208BC4E-10D2-4F5F-9B34-32E322292656}.Debug|Any CPU.Build.0 = Debug|Any CPU
		{0208BC4E-10D2-4F5F-9B34-32E322292656}.Release|Any CPU.ActiveCfg = Release|Any CPU
		{0208BC4E-10D2-4F5F-9B34-32E322292656}.Release|Any CPU.Build.0 = Release|Any CPU
		{FFAAA784-1F50-4013-ADAD-82CF17D71651}.Debug|Any CPU.ActiveCfg = Debug|Any CPU
		{FFAAA784-1F50-4013-ADAD-82CF17D71651}.Debug|Any CPU.Build.0 = Debug|Any CPU
		{FFAAA784-1F50-4013-ADAD-82CF17D71651}.Release|Any CPU.ActiveCfg = Release|Any CPU
		{FFAAA784-1F50-4013-ADAD-82CF17D71651}.Release|Any CPU.Build.0 = Release|Any CPU
		{8CE5D56D-C503-4C68-91B9-22AFE99F2F40}.Debug|Any CPU.ActiveCfg = Debug|Any CPU
		{8CE5D56D-C503-4C68-91B9-22AFE99F2F40}.Debug|Any CPU.Build.0 = Debug|Any CPU
		{8CE5D56D-C503-4C68-91B9-22AFE99F2F40}.Release|Any CPU.ActiveCfg = Release|Any CPU
		{8CE5D56D-C503-4C68-91B9-22AFE99F2F40}.Release|Any CPU.Build.0 = Release|Any CPU
		{2935EB6C-AB6D-405D-BDF2-2AD4B481EC6B}.Debug|Any CPU.ActiveCfg = Debug|Any CPU
		{2935EB6C-AB6D-405D-BDF2-2AD4B481EC6B}.Debug|Any CPU.Build.0 = Debug|Any CPU
		{2935EB6C-AB6D-405D-BDF2-2AD4B481EC6B}.Release|Any CPU.ActiveCfg = Release|Any CPU
		{2935EB6C-AB6D-405D-BDF2-2AD4B481EC6B}.Release|Any CPU.Build.0 = Release|Any CPU
		{760559BC-7C25-4BB6-83E5-B55DAAC865CF}.Debug|Any CPU.ActiveCfg = Debug|Any CPU
		{760559BC-7C25-4BB6-83E5-B55DAAC865CF}.Debug|Any CPU.Build.0 = Debug|Any CPU
		{760559BC-7C25-4BB6-83E5-B55DAAC865CF}.Release|Any CPU.ActiveCfg = Release|Any CPU
		{760559BC-7C25-4BB6-83E5-B55DAAC865CF}.Release|Any CPU.Build.0 = Release|Any CPU
		{7C7B39E3-C3C7-45E0-B0DD-4C99B6A8F1DB}.Debug|Any CPU.ActiveCfg = Debug|Any CPU
		{7C7B39E3-C3C7-45E0-B0DD-4C99B6A8F1DB}.Debug|Any CPU.Build.0 = Debug|Any CPU
		{7C7B39E3-C3C7-45E0-B0DD-4C99B6A8F1DB}.Release|Any CPU.ActiveCfg = Release|Any CPU
		{7C7B39E3-C3C7-45E0-B0DD-4C99B6A8F1DB}.Release|Any CPU.Build.0 = Release|Any CPU
		{FEF2C0D7-E18F-47D8-8B35-62342D797A54}.Debug|Any CPU.ActiveCfg = Debug|Any CPU
		{FEF2C0D7-E18F-47D8-8B35-62342D797A54}.Debug|Any CPU.Build.0 = Debug|Any CPU
		{FEF2C0D7-E18F-47D8-8B35-62342D797A54}.Release|Any CPU.ActiveCfg = Release|Any CPU
		{FEF2C0D7-E18F-47D8-8B35-62342D797A54}.Release|Any CPU.Build.0 = Release|Any CPU
		{052A403F-82CD-4B0A-BF1F-8ACEAD9D4366}.Debug|Any CPU.ActiveCfg = Debug|Any CPU
		{052A403F-82CD-4B0A-BF1F-8ACEAD9D4366}.Debug|Any CPU.Build.0 = Debug|Any CPU
		{052A403F-82CD-4B0A-BF1F-8ACEAD9D4366}.Release|Any CPU.ActiveCfg = Release|Any CPU
		{052A403F-82CD-4B0A-BF1F-8ACEAD9D4366}.Release|Any CPU.Build.0 = Release|Any CPU
		{99799C66-23EE-4105-947F-134F50232298}.Debug|Any CPU.ActiveCfg = Debug|Any CPU
		{99799C66-23EE-4105-947F-134F50232298}.Debug|Any CPU.Build.0 = Debug|Any CPU
		{99799C66-23EE-4105-947F-134F50232298}.Release|Any CPU.ActiveCfg = Release|Any CPU
		{99799C66-23EE-4105-947F-134F50232298}.Release|Any CPU.Build.0 = Release|Any CPU
		{42E9F157-F57C-496C-99A3-08C108B93CA8}.Debug|Any CPU.ActiveCfg = Debug|Any CPU
		{42E9F157-F57C-496C-99A3-08C108B93CA8}.Debug|Any CPU.Build.0 = Debug|Any CPU
		{42E9F157-F57C-496C-99A3-08C108B93CA8}.Release|Any CPU.ActiveCfg = Release|Any CPU
		{42E9F157-F57C-496C-99A3-08C108B93CA8}.Release|Any CPU.Build.0 = Release|Any CPU
		{E2DE5200-2F67-4D1A-B898-E1B8E3E3458F}.Debug|Any CPU.ActiveCfg = Debug|Any CPU
		{E2DE5200-2F67-4D1A-B898-E1B8E3E3458F}.Debug|Any CPU.Build.0 = Debug|Any CPU
		{E2DE5200-2F67-4D1A-B898-E1B8E3E3458F}.Release|Any CPU.ActiveCfg = Release|Any CPU
		{E2DE5200-2F67-4D1A-B898-E1B8E3E3458F}.Release|Any CPU.Build.0 = Release|Any CPU
	EndGlobalSection
	GlobalSection(SolutionProperties) = preSolution
		HideSolutionNode = FALSE
	EndGlobalSection
EndGlobal
